
Microsoft Visual Studio Solution File, Format Version 12.00
# Visual Studio Version 17
VisualStudioVersion = 17.6.33801.468
MinimumVisualStudioVersion = 10.0.40219.1
Project("{FAE04EC0-301F-11D3-BF4B-00C04F79EFBC}") = "TodoDemo.Api", "TodoDemo.Api\TodoDemo.Api.csproj", "{AA15D93F-D8C8-4AAC-A966-CD7DA367A4B8}"
EndProject
Global
	GlobalSection(SolutionConfigurationPlatforms) = preSolution
		Debug|Any CPU = Debug|Any CPU
		Release|Any CPU = Release|Any CPU
	EndGlobalSection
	GlobalSection(ProjectConfigurationPlatforms) = postSolution
		{AA15D93F-D8C8-4AAC-A966-CD7DA367A4B8}.Debug|Any CPU.ActiveCfg = Debug|Any CPU
		{AA15D93F-D8C8-4AAC-A966-CD7DA367A4B8}.Debug|Any CPU.Build.0 = Debug|Any CPU
		{AA15D93F-D8C8-4AAC-A966-CD7DA367A4B8}.Release|Any CPU.ActiveCfg = Release|Any CPU
		{AA15D93F-D8C8-4AAC-A966-CD7DA367A4B8}.Release|Any CPU.Build.0 = Release|Any CPU
	EndGlobalSection
	GlobalSection(SolutionProperties) = preSolution
		HideSolutionNode = FALSE
	EndGlobalSection
	GlobalSection(ExtensibilityGlobals) = postSolution
		SolutionGuid = {05A050E7-2647-4317-B3D3-711E4C915491}
	EndGlobalSection
EndGlobal
